// !$*UTF8*$!
{
	archiveVersion = 1;
	classes = {
	};
	objectVersion = 46;
	objects = {

/* Begin PBXBuildFile section */
		2C5CA2B31D6463EA0062E69B /* StuartAddress.h in Headers */ = {isa = PBXBuildFile; fileRef = 2C5CA2B11D6463EA0062E69B /* StuartAddress.h */; };
		2C5CA2B41D6463EA0062E69B /* StuartAddress.m in Sources */ = {isa = PBXBuildFile; fileRef = 2C5CA2B21D6463EA0062E69B /* StuartAddress.m */; };
		2C5CA2B71D6465BB0062E69B /* StuartCity.h in Headers */ = {isa = PBXBuildFile; fileRef = 2C5CA2B51D6465BB0062E69B /* StuartCity.h */; };
		2C5CA2B81D6465BB0062E69B /* StuartCity.m in Sources */ = {isa = PBXBuildFile; fileRef = 2C5CA2B61D6465BB0062E69B /* StuartCity.m */; };
		2C5CA2BB1D6466790062E69B /* StuartRegion.h in Headers */ = {isa = PBXBuildFile; fileRef = 2C5CA2B91D6466790062E69B /* StuartRegion.h */; };
		2C5CA2BC1D6466790062E69B /* StuartRegion.m in Sources */ = {isa = PBXBuildFile; fileRef = 2C5CA2BA1D6466790062E69B /* StuartRegion.m */; };
		2C5CA2BF1D6466B50062E69B /* StuartCountry.h in Headers */ = {isa = PBXBuildFile; fileRef = 2C5CA2BD1D6466B50062E69B /* StuartCountry.h */; };
		2C5CA2C01D6466B50062E69B /* StuartCountry.m in Sources */ = {isa = PBXBuildFile; fileRef = 2C5CA2BE1D6466B50062E69B /* StuartCountry.m */; };
		2C5CA2C31D64671F0062E69B /* StuartCurrency.h in Headers */ = {isa = PBXBuildFile; fileRef = 2C5CA2C11D64671F0062E69B /* StuartCurrency.h */; };
		2C5CA2C41D64671F0062E69B /* StuartCurrency.m in Sources */ = {isa = PBXBuildFile; fileRef = 2C5CA2C21D64671F0062E69B /* StuartCurrency.m */; };
		2C5CA2C71D64B32D0062E69B /* JobQuoteOperation.h in Headers */ = {isa = PBXBuildFile; fileRef = 2C5CA2C51D64B32D0062E69B /* JobQuoteOperation.h */; };
		2C5CA2C81D64B32D0062E69B /* JobQuoteOperation.m in Sources */ = {isa = PBXBuildFile; fileRef = 2C5CA2C61D64B32D0062E69B /* JobQuoteOperation.m */; };
		2C5CA2CB1D64B3920062E69B /* StuartJob.h in Headers */ = {isa = PBXBuildFile; fileRef = 2C5CA2C91D64B3920062E69B /* StuartJob.h */; };
		2C5CA2CC1D64B3920062E69B /* StuartJob.m in Sources */ = {isa = PBXBuildFile; fileRef = 2C5CA2CA1D64B3920062E69B /* StuartJob.m */; };
		2C5CA2CF1D64B4F50062E69B /* JobQuoteRequest.h in Headers */ = {isa = PBXBuildFile; fileRef = 2C5CA2CD1D64B4F50062E69B /* JobQuoteRequest.h */; };
		2C5CA2D01D64B4F50062E69B /* JobQuoteRequest.m in Sources */ = {isa = PBXBuildFile; fileRef = 2C5CA2CE1D64B4F50062E69B /* JobQuoteRequest.m */; };
		2C5CA2D31D64C2950062E69B /* JobsMapper.h in Headers */ = {isa = PBXBuildFile; fileRef = 2C5CA2D11D64C2950062E69B /* JobsMapper.h */; };
		2C5CA2D41D64C2950062E69B /* JobsMapper.m in Sources */ = {isa = PBXBuildFile; fileRef = 2C5CA2D21D64C2950062E69B /* JobsMapper.m */; };
		2C6403AC1D5E1193006CC0AA /* StuartAuthorization.h in Headers */ = {isa = PBXBuildFile; fileRef = 2C6403AA1D5E1193006CC0AA /* StuartAuthorization.h */; };
		2C6403AD1D5E1193006CC0AA /* StuartAuthorization.m in Sources */ = {isa = PBXBuildFile; fileRef = 2C6403AB1D5E1193006CC0AA /* StuartAuthorization.m */; };
		2C6403B01D5E1EC4006CC0AA /* SignInOperation.h in Headers */ = {isa = PBXBuildFile; fileRef = 2C6403AE1D5E1EC4006CC0AA /* SignInOperation.h */; };
		2C6403B11D5E1EC4006CC0AA /* SignInOperation.m in Sources */ = {isa = PBXBuildFile; fileRef = 2C6403AF1D5E1EC4006CC0AA /* SignInOperation.m */; };
		2CA9F8221D5D0818001FCF07 /* StuartDeliverySDK.h in Headers */ = {isa = PBXBuildFile; fileRef = 2CA9F8211D5D0818001FCF07 /* StuartDeliverySDK.h */; settings = {ATTRIBUTES = (Public, ); }; };
		2CA9F82D1D5DD89E001FCF07 /* StuartClient.h in Headers */ = {isa = PBXBuildFile; fileRef = 2CA9F82B1D5DD89E001FCF07 /* StuartClient.h */; };
		2CA9F82E1D5DD89E001FCF07 /* StuartClient.m in Sources */ = {isa = PBXBuildFile; fileRef = 2CA9F82C1D5DD89E001FCF07 /* StuartClient.m */; };
		2CA9F83B1D5DE721001FCF07 /* StuartConfiguration.h in Headers */ = {isa = PBXBuildFile; fileRef = 2CA9F8391D5DE721001FCF07 /* StuartConfiguration.h */; };
		2CA9F83C1D5DE721001FCF07 /* StuartConfiguration.m in Sources */ = {isa = PBXBuildFile; fileRef = 2CA9F83A1D5DE721001FCF07 /* StuartConfiguration.m */; };
		2CA9F8401D5DE8A3001FCF07 /* StuartRequest.h in Headers */ = {isa = PBXBuildFile; fileRef = 2CA9F83E1D5DE8A3001FCF07 /* StuartRequest.h */; };
		2CA9F8481D5DEA34001FCF07 /* SignInRequest.h in Headers */ = {isa = PBXBuildFile; fileRef = 2CA9F8461D5DEA34001FCF07 /* SignInRequest.h */; };
		2CA9F8491D5DEA34001FCF07 /* SignInRequest.m in Sources */ = {isa = PBXBuildFile; fileRef = 2CA9F8471D5DEA34001FCF07 /* SignInRequest.m */; };
		2CA9F84D1D5DF4FD001FCF07 /* StuartOperation.h in Headers */ = {isa = PBXBuildFile; fileRef = 2CA9F84B1D5DF4FD001FCF07 /* StuartOperation.h */; };
		2CA9F84E1D5DF4FD001FCF07 /* StuartOperation.m in Sources */ = {isa = PBXBuildFile; fileRef = 2CA9F84C1D5DF4FD001FCF07 /* StuartOperation.m */; };
		2CA9F8521D5DF79C001FCF07 /* StuartNetworkService.h in Headers */ = {isa = PBXBuildFile; fileRef = 2CA9F8501D5DF79C001FCF07 /* StuartNetworkService.h */; };
		2CA9F8531D5DF79C001FCF07 /* StuartNetworkService.m in Sources */ = {isa = PBXBuildFile; fileRef = 2CA9F8511D5DF79C001FCF07 /* StuartNetworkService.m */; };
		2CF547F11D61FE8A00039EB8 /* StuartUser.h in Headers */ = {isa = PBXBuildFile; fileRef = 2CF547EF1D61FE8A00039EB8 /* StuartUser.h */; };
		2CF547F21D61FE8A00039EB8 /* StuartUser.m in Sources */ = {isa = PBXBuildFile; fileRef = 2CF547F01D61FE8A00039EB8 /* StuartUser.m */; };
		2CF547F61D624B0000039EB8 /* UserMapper.h in Headers */ = {isa = PBXBuildFile; fileRef = 2CF547F41D624B0000039EB8 /* UserMapper.h */; };
		2CF547F71D624B0000039EB8 /* UserMapper.m in Sources */ = {isa = PBXBuildFile; fileRef = 2CF547F51D624B0000039EB8 /* UserMapper.m */; };
		2CF547FA1D63621A00039EB8 /* CreatePlaceOperation.h in Headers */ = {isa = PBXBuildFile; fileRef = 2CF547F81D63621A00039EB8 /* CreatePlaceOperation.h */; };
		2CF547FB1D63621A00039EB8 /* CreatePlaceOperation.m in Sources */ = {isa = PBXBuildFile; fileRef = 2CF547F91D63621A00039EB8 /* CreatePlaceOperation.m */; };
		2CF547FE1D63623500039EB8 /* StuartPlace.h in Headers */ = {isa = PBXBuildFile; fileRef = 2CF547FC1D63623500039EB8 /* StuartPlace.h */; };
		2CF547FF1D63623500039EB8 /* StuartPlace.m in Sources */ = {isa = PBXBuildFile; fileRef = 2CF547FD1D63623500039EB8 /* StuartPlace.m */; };
		2CF548021D63627E00039EB8 /* PlaceMapper.h in Headers */ = {isa = PBXBuildFile; fileRef = 2CF548001D63627E00039EB8 /* PlaceMapper.h */; };
		2CF548031D63627E00039EB8 /* PlaceMapper.m in Sources */ = {isa = PBXBuildFile; fileRef = 2CF548011D63627E00039EB8 /* PlaceMapper.m */; };
		2CF548061D6363AA00039EB8 /* CreatePlaceRequest.h in Headers */ = {isa = PBXBuildFile; fileRef = 2CF548041D6363AA00039EB8 /* CreatePlaceRequest.h */; };
		2CF548071D6363AA00039EB8 /* CreatePlaceRequest.m in Sources */ = {isa = PBXBuildFile; fileRef = 2CF548051D6363AA00039EB8 /* CreatePlaceRequest.m */; };
		2CF5480B1D636F2700039EB8 /* NSObject+NilIfNull.h in Headers */ = {isa = PBXBuildFile; fileRef = 2CF548091D636F2700039EB8 /* NSObject+NilIfNull.h */; };
		2CF5480C1D636F2700039EB8 /* NSObject+NilIfNull.m in Sources */ = {isa = PBXBuildFile; fileRef = 2CF5480A1D636F2700039EB8 /* NSObject+NilIfNull.m */; };
		2CF5480F1D63824500039EB8 /* NSError+Stuart.h in Headers */ = {isa = PBXBuildFile; fileRef = 2CF5480D1D63824500039EB8 /* NSError+Stuart.h */; };
		2CF548101D63824500039EB8 /* NSError+Stuart.m in Sources */ = {isa = PBXBuildFile; fileRef = 2CF5480E1D63824500039EB8 /* NSError+Stuart.m */; };
		8159F9FB1D6783CA00A61F68 /* CreateJobOperation.h in Headers */ = {isa = PBXBuildFile; fileRef = 8159F9F91D6783CA00A61F68 /* CreateJobOperation.h */; };
		8159F9FC1D6783CA00A61F68 /* CreateJobOperation.m in Sources */ = {isa = PBXBuildFile; fileRef = 8159F9FA1D6783CA00A61F68 /* CreateJobOperation.m */; };
		8159F9FF1D67840600A61F68 /* StuartJobStatus.h in Headers */ = {isa = PBXBuildFile; fileRef = 8159F9FD1D67840600A61F68 /* StuartJobStatus.h */; };
		8159FA001D67840600A61F68 /* StuartJobStatus.m in Sources */ = {isa = PBXBuildFile; fileRef = 8159F9FE1D67840600A61F68 /* StuartJobStatus.m */; };
		8159FA031D67849A00A61F68 /* CreateJobRequest.h in Headers */ = {isa = PBXBuildFile; fileRef = 8159FA011D67849A00A61F68 /* CreateJobRequest.h */; };
		8159FA041D67849A00A61F68 /* CreateJobRequest.m in Sources */ = {isa = PBXBuildFile; fileRef = 8159FA021D67849A00A61F68 /* CreateJobRequest.m */; };
		8159FA071D6787A000A61F68 /* JobStatusMapper.h in Headers */ = {isa = PBXBuildFile; fileRef = 8159FA051D6787A000A61F68 /* JobStatusMapper.h */; };
		8159FA081D6787A000A61F68 /* JobStatusMapper.m in Sources */ = {isa = PBXBuildFile; fileRef = 8159FA061D6787A000A61F68 /* JobStatusMapper.m */; };
/* End PBXBuildFile section */

/* Begin PBXFileReference section */
		2C5CA2B11D6463EA0062E69B /* StuartAddress.h */ = {isa = PBXFileReference; fileEncoding = 4; lastKnownFileType = sourcecode.c.h; path = StuartAddress.h; sourceTree = "<group>"; };
		2C5CA2B21D6463EA0062E69B /* StuartAddress.m */ = {isa = PBXFileReference; fileEncoding = 4; lastKnownFileType = sourcecode.c.objc; path = StuartAddress.m; sourceTree = "<group>"; };
		2C5CA2B51D6465BB0062E69B /* StuartCity.h */ = {isa = PBXFileReference; fileEncoding = 4; lastKnownFileType = sourcecode.c.h; path = StuartCity.h; sourceTree = "<group>"; };
		2C5CA2B61D6465BB0062E69B /* StuartCity.m */ = {isa = PBXFileReference; fileEncoding = 4; lastKnownFileType = sourcecode.c.objc; path = StuartCity.m; sourceTree = "<group>"; };
		2C5CA2B91D6466790062E69B /* StuartRegion.h */ = {isa = PBXFileReference; fileEncoding = 4; lastKnownFileType = sourcecode.c.h; path = StuartRegion.h; sourceTree = "<group>"; };
		2C5CA2BA1D6466790062E69B /* StuartRegion.m */ = {isa = PBXFileReference; fileEncoding = 4; lastKnownFileType = sourcecode.c.objc; path = StuartRegion.m; sourceTree = "<group>"; };
		2C5CA2BD1D6466B50062E69B /* StuartCountry.h */ = {isa = PBXFileReference; fileEncoding = 4; lastKnownFileType = sourcecode.c.h; path = StuartCountry.h; sourceTree = "<group>"; };
		2C5CA2BE1D6466B50062E69B /* StuartCountry.m */ = {isa = PBXFileReference; fileEncoding = 4; lastKnownFileType = sourcecode.c.objc; path = StuartCountry.m; sourceTree = "<group>"; };
		2C5CA2C11D64671F0062E69B /* StuartCurrency.h */ = {isa = PBXFileReference; fileEncoding = 4; lastKnownFileType = sourcecode.c.h; path = StuartCurrency.h; sourceTree = "<group>"; };
		2C5CA2C21D64671F0062E69B /* StuartCurrency.m */ = {isa = PBXFileReference; fileEncoding = 4; lastKnownFileType = sourcecode.c.objc; path = StuartCurrency.m; sourceTree = "<group>"; };
		2C5CA2C51D64B32D0062E69B /* JobQuoteOperation.h */ = {isa = PBXFileReference; fileEncoding = 4; lastKnownFileType = sourcecode.c.h; path = JobQuoteOperation.h; sourceTree = "<group>"; };
		2C5CA2C61D64B32D0062E69B /* JobQuoteOperation.m */ = {isa = PBXFileReference; fileEncoding = 4; lastKnownFileType = sourcecode.c.objc; path = JobQuoteOperation.m; sourceTree = "<group>"; };
		2C5CA2C91D64B3920062E69B /* StuartJob.h */ = {isa = PBXFileReference; fileEncoding = 4; lastKnownFileType = sourcecode.c.h; path = StuartJob.h; sourceTree = "<group>"; };
		2C5CA2CA1D64B3920062E69B /* StuartJob.m */ = {isa = PBXFileReference; fileEncoding = 4; lastKnownFileType = sourcecode.c.objc; path = StuartJob.m; sourceTree = "<group>"; };
		2C5CA2CD1D64B4F50062E69B /* JobQuoteRequest.h */ = {isa = PBXFileReference; fileEncoding = 4; lastKnownFileType = sourcecode.c.h; path = JobQuoteRequest.h; sourceTree = "<group>"; };
		2C5CA2CE1D64B4F50062E69B /* JobQuoteRequest.m */ = {isa = PBXFileReference; fileEncoding = 4; lastKnownFileType = sourcecode.c.objc; path = JobQuoteRequest.m; sourceTree = "<group>"; };
		2C5CA2D11D64C2950062E69B /* JobsMapper.h */ = {isa = PBXFileReference; fileEncoding = 4; lastKnownFileType = sourcecode.c.h; path = JobsMapper.h; sourceTree = "<group>"; };
		2C5CA2D21D64C2950062E69B /* JobsMapper.m */ = {isa = PBXFileReference; fileEncoding = 4; lastKnownFileType = sourcecode.c.objc; path = JobsMapper.m; sourceTree = "<group>"; };
		2C6403AA1D5E1193006CC0AA /* StuartAuthorization.h */ = {isa = PBXFileReference; fileEncoding = 4; lastKnownFileType = sourcecode.c.h; path = StuartAuthorization.h; sourceTree = "<group>"; };
		2C6403AB1D5E1193006CC0AA /* StuartAuthorization.m */ = {isa = PBXFileReference; fileEncoding = 4; lastKnownFileType = sourcecode.c.objc; path = StuartAuthorization.m; sourceTree = "<group>"; };
		2C6403AE1D5E1EC4006CC0AA /* SignInOperation.h */ = {isa = PBXFileReference; fileEncoding = 4; lastKnownFileType = sourcecode.c.h; path = SignInOperation.h; sourceTree = "<group>"; };
		2C6403AF1D5E1EC4006CC0AA /* SignInOperation.m */ = {isa = PBXFileReference; fileEncoding = 4; lastKnownFileType = sourcecode.c.objc; path = SignInOperation.m; sourceTree = "<group>"; };
		2CA9F81E1D5D0818001FCF07 /* StuartDeliverySDK.framework */ = {isa = PBXFileReference; explicitFileType = wrapper.framework; includeInIndex = 0; path = StuartDeliverySDK.framework; sourceTree = BUILT_PRODUCTS_DIR; };
		2CA9F8211D5D0818001FCF07 /* StuartDeliverySDK.h */ = {isa = PBXFileReference; lastKnownFileType = sourcecode.c.h; path = StuartDeliverySDK.h; sourceTree = "<group>"; };
		2CA9F8231D5D0818001FCF07 /* Info.plist */ = {isa = PBXFileReference; lastKnownFileType = text.plist.xml; path = Info.plist; sourceTree = "<group>"; };
		2CA9F82B1D5DD89E001FCF07 /* StuartClient.h */ = {isa = PBXFileReference; fileEncoding = 4; lastKnownFileType = sourcecode.c.h; path = StuartClient.h; sourceTree = "<group>"; };
		2CA9F82C1D5DD89E001FCF07 /* StuartClient.m */ = {isa = PBXFileReference; fileEncoding = 4; lastKnownFileType = sourcecode.c.objc; path = StuartClient.m; sourceTree = "<group>"; };
		2CA9F8391D5DE721001FCF07 /* StuartConfiguration.h */ = {isa = PBXFileReference; fileEncoding = 4; lastKnownFileType = sourcecode.c.h; path = StuartConfiguration.h; sourceTree = "<group>"; };
		2CA9F83A1D5DE721001FCF07 /* StuartConfiguration.m */ = {isa = PBXFileReference; fileEncoding = 4; lastKnownFileType = sourcecode.c.objc; path = StuartConfiguration.m; sourceTree = "<group>"; };
		2CA9F83E1D5DE8A3001FCF07 /* StuartRequest.h */ = {isa = PBXFileReference; fileEncoding = 4; lastKnownFileType = sourcecode.c.h; name = StuartRequest.h; path = StuartDeliverySDK/Requests/StuartRequest.h; sourceTree = SOURCE_ROOT; };
		2CA9F8461D5DEA34001FCF07 /* SignInRequest.h */ = {isa = PBXFileReference; fileEncoding = 4; lastKnownFileType = sourcecode.c.h; path = SignInRequest.h; sourceTree = "<group>"; };
		2CA9F8471D5DEA34001FCF07 /* SignInRequest.m */ = {isa = PBXFileReference; fileEncoding = 4; lastKnownFileType = sourcecode.c.objc; path = SignInRequest.m; sourceTree = "<group>"; };
		2CA9F84B1D5DF4FD001FCF07 /* StuartOperation.h */ = {isa = PBXFileReference; fileEncoding = 4; lastKnownFileType = sourcecode.c.h; path = StuartOperation.h; sourceTree = "<group>"; };
		2CA9F84C1D5DF4FD001FCF07 /* StuartOperation.m */ = {isa = PBXFileReference; fileEncoding = 4; lastKnownFileType = sourcecode.c.objc; path = StuartOperation.m; sourceTree = "<group>"; };
		2CA9F8501D5DF79C001FCF07 /* StuartNetworkService.h */ = {isa = PBXFileReference; fileEncoding = 4; lastKnownFileType = sourcecode.c.h; path = StuartNetworkService.h; sourceTree = "<group>"; };
		2CA9F8511D5DF79C001FCF07 /* StuartNetworkService.m */ = {isa = PBXFileReference; fileEncoding = 4; lastKnownFileType = sourcecode.c.objc; path = StuartNetworkService.m; sourceTree = "<group>"; };
		2CF547EF1D61FE8A00039EB8 /* StuartUser.h */ = {isa = PBXFileReference; fileEncoding = 4; lastKnownFileType = sourcecode.c.h; path = StuartUser.h; sourceTree = "<group>"; };
		2CF547F01D61FE8A00039EB8 /* StuartUser.m */ = {isa = PBXFileReference; fileEncoding = 4; lastKnownFileType = sourcecode.c.objc; path = StuartUser.m; sourceTree = "<group>"; };
		2CF547F41D624B0000039EB8 /* UserMapper.h */ = {isa = PBXFileReference; fileEncoding = 4; lastKnownFileType = sourcecode.c.h; path = UserMapper.h; sourceTree = "<group>"; };
		2CF547F51D624B0000039EB8 /* UserMapper.m */ = {isa = PBXFileReference; fileEncoding = 4; lastKnownFileType = sourcecode.c.objc; path = UserMapper.m; sourceTree = "<group>"; };
		2CF547F81D63621A00039EB8 /* CreatePlaceOperation.h */ = {isa = PBXFileReference; fileEncoding = 4; lastKnownFileType = sourcecode.c.h; path = CreatePlaceOperation.h; sourceTree = "<group>"; };
		2CF547F91D63621A00039EB8 /* CreatePlaceOperation.m */ = {isa = PBXFileReference; fileEncoding = 4; lastKnownFileType = sourcecode.c.objc; path = CreatePlaceOperation.m; sourceTree = "<group>"; };
		2CF547FC1D63623500039EB8 /* StuartPlace.h */ = {isa = PBXFileReference; fileEncoding = 4; lastKnownFileType = sourcecode.c.h; path = StuartPlace.h; sourceTree = "<group>"; };
		2CF547FD1D63623500039EB8 /* StuartPlace.m */ = {isa = PBXFileReference; fileEncoding = 4; lastKnownFileType = sourcecode.c.objc; path = StuartPlace.m; sourceTree = "<group>"; };
		2CF548001D63627E00039EB8 /* PlaceMapper.h */ = {isa = PBXFileReference; fileEncoding = 4; lastKnownFileType = sourcecode.c.h; path = PlaceMapper.h; sourceTree = "<group>"; };
		2CF548011D63627E00039EB8 /* PlaceMapper.m */ = {isa = PBXFileReference; fileEncoding = 4; lastKnownFileType = sourcecode.c.objc; path = PlaceMapper.m; sourceTree = "<group>"; };
		2CF548041D6363AA00039EB8 /* CreatePlaceRequest.h */ = {isa = PBXFileReference; fileEncoding = 4; lastKnownFileType = sourcecode.c.h; path = CreatePlaceRequest.h; sourceTree = "<group>"; };
		2CF548051D6363AA00039EB8 /* CreatePlaceRequest.m */ = {isa = PBXFileReference; fileEncoding = 4; lastKnownFileType = sourcecode.c.objc; path = CreatePlaceRequest.m; sourceTree = "<group>"; };
		2CF548091D636F2700039EB8 /* NSObject+NilIfNull.h */ = {isa = PBXFileReference; fileEncoding = 4; lastKnownFileType = sourcecode.c.h; path = "NSObject+NilIfNull.h"; sourceTree = "<group>"; };
		2CF5480A1D636F2700039EB8 /* NSObject+NilIfNull.m */ = {isa = PBXFileReference; fileEncoding = 4; lastKnownFileType = sourcecode.c.objc; path = "NSObject+NilIfNull.m"; sourceTree = "<group>"; };
		2CF5480D1D63824500039EB8 /* NSError+Stuart.h */ = {isa = PBXFileReference; fileEncoding = 4; lastKnownFileType = sourcecode.c.h; path = "NSError+Stuart.h"; sourceTree = "<group>"; };
		2CF5480E1D63824500039EB8 /* NSError+Stuart.m */ = {isa = PBXFileReference; fileEncoding = 4; lastKnownFileType = sourcecode.c.objc; path = "NSError+Stuart.m"; sourceTree = "<group>"; };
		8159F9F91D6783CA00A61F68 /* CreateJobOperation.h */ = {isa = PBXFileReference; fileEncoding = 4; lastKnownFileType = sourcecode.c.h; path = CreateJobOperation.h; sourceTree = "<group>"; };
		8159F9FA1D6783CA00A61F68 /* CreateJobOperation.m */ = {isa = PBXFileReference; fileEncoding = 4; lastKnownFileType = sourcecode.c.objc; path = CreateJobOperation.m; sourceTree = "<group>"; };
		8159F9FD1D67840600A61F68 /* StuartJobStatus.h */ = {isa = PBXFileReference; fileEncoding = 4; lastKnownFileType = sourcecode.c.h; path = StuartJobStatus.h; sourceTree = "<group>"; };
		8159F9FE1D67840600A61F68 /* StuartJobStatus.m */ = {isa = PBXFileReference; fileEncoding = 4; lastKnownFileType = sourcecode.c.objc; path = StuartJobStatus.m; sourceTree = "<group>"; };
		8159FA011D67849A00A61F68 /* CreateJobRequest.h */ = {isa = PBXFileReference; fileEncoding = 4; lastKnownFileType = sourcecode.c.h; path = CreateJobRequest.h; sourceTree = "<group>"; };
		8159FA021D67849A00A61F68 /* CreateJobRequest.m */ = {isa = PBXFileReference; fileEncoding = 4; lastKnownFileType = sourcecode.c.objc; path = CreateJobRequest.m; sourceTree = "<group>"; };
		8159FA051D6787A000A61F68 /* JobStatusMapper.h */ = {isa = PBXFileReference; fileEncoding = 4; lastKnownFileType = sourcecode.c.h; path = JobStatusMapper.h; sourceTree = "<group>"; };
		8159FA061D6787A000A61F68 /* JobStatusMapper.m */ = {isa = PBXFileReference; fileEncoding = 4; lastKnownFileType = sourcecode.c.objc; path = JobStatusMapper.m; sourceTree = "<group>"; };
/* End PBXFileReference section */

/* Begin PBXFrameworksBuildPhase section */
		2CA9F81A1D5D0818001FCF07 /* Frameworks */ = {
			isa = PBXFrameworksBuildPhase;
			buildActionMask = 2147483647;
			files = (
			);
			runOnlyForDeploymentPostprocessing = 0;
		};
/* End PBXFrameworksBuildPhase section */

/* Begin PBXGroup section */
		2C6403A91D5E117F006CC0AA /* Authorization */ = {
			isa = PBXGroup;
			children = (
				2C6403AA1D5E1193006CC0AA /* StuartAuthorization.h */,
				2C6403AB1D5E1193006CC0AA /* StuartAuthorization.m */,
			);
			path = Authorization;
			sourceTree = "<group>";
		};
		2CA9F8141D5D0818001FCF07 = {
			isa = PBXGroup;
			children = (
				2CA9F8201D5D0818001FCF07 /* StuartDeliverySDK */,
				2CA9F81F1D5D0818001FCF07 /* Products */,
			);
			sourceTree = "<group>";
		};
		2CA9F81F1D5D0818001FCF07 /* Products */ = {
			isa = PBXGroup;
			children = (
				2CA9F81E1D5D0818001FCF07 /* StuartDeliverySDK.framework */,
			);
			name = Products;
			sourceTree = "<group>";
		};
		2CA9F8201D5D0818001FCF07 /* StuartDeliverySDK */ = {
			isa = PBXGroup;
			children = (
				2CF548081D636EE400039EB8 /* Helpers */,
				2CF547F31D624AAC00039EB8 /* Mappers */,
				2CF547EE1D61FE7700039EB8 /* Model */,
				2C6403A91D5E117F006CC0AA /* Authorization */,
				2CA9F84F1D5DF762001FCF07 /* Operations */,
				2CA9F84A1D5DF096001FCF07 /* Network */,
				2CA9F83D1D5DE887001FCF07 /* Requests */,
				2CA9F8381D5DE712001FCF07 /* Configuration */,
				2CA9F82A1D5DD892001FCF07 /* Client */,
				2CA9F8211D5D0818001FCF07 /* StuartDeliverySDK.h */,
				2CA9F8231D5D0818001FCF07 /* Info.plist */,
			);
			path = StuartDeliverySDK;
			sourceTree = "<group>";
		};
		2CA9F82A1D5DD892001FCF07 /* Client */ = {
			isa = PBXGroup;
			children = (
				2CA9F82B1D5DD89E001FCF07 /* StuartClient.h */,
				2CA9F82C1D5DD89E001FCF07 /* StuartClient.m */,
			);
			path = Client;
			sourceTree = "<group>";
		};
		2CA9F8381D5DE712001FCF07 /* Configuration */ = {
			isa = PBXGroup;
			children = (
				2CA9F8391D5DE721001FCF07 /* StuartConfiguration.h */,
				2CA9F83A1D5DE721001FCF07 /* StuartConfiguration.m */,
			);
			path = Configuration;
			sourceTree = "<group>";
		};
		2CA9F83D1D5DE887001FCF07 /* Requests */ = {
			isa = PBXGroup;
			children = (
				2CA9F83E1D5DE8A3001FCF07 /* StuartRequest.h */,
				2CA9F8461D5DEA34001FCF07 /* SignInRequest.h */,
				2CA9F8471D5DEA34001FCF07 /* SignInRequest.m */,
				2CF548041D6363AA00039EB8 /* CreatePlaceRequest.h */,
				2CF548051D6363AA00039EB8 /* CreatePlaceRequest.m */,
				2C5CA2CD1D64B4F50062E69B /* JobQuoteRequest.h */,
				2C5CA2CE1D64B4F50062E69B /* JobQuoteRequest.m */,
				8159FA011D67849A00A61F68 /* CreateJobRequest.h */,
				8159FA021D67849A00A61F68 /* CreateJobRequest.m */,
			);
			path = Requests;
			sourceTree = "<group>";
		};
		2CA9F84A1D5DF096001FCF07 /* Network */ = {
			isa = PBXGroup;
			children = (
				2CA9F8501D5DF79C001FCF07 /* StuartNetworkService.h */,
				2CA9F8511D5DF79C001FCF07 /* StuartNetworkService.m */,
			);
			path = Network;
			sourceTree = "<group>";
		};
		2CA9F84F1D5DF762001FCF07 /* Operations */ = {
			isa = PBXGroup;
			children = (
				2CA9F84B1D5DF4FD001FCF07 /* StuartOperation.h */,
				2CA9F84C1D5DF4FD001FCF07 /* StuartOperation.m */,
				2C6403AE1D5E1EC4006CC0AA /* SignInOperation.h */,
				2C6403AF1D5E1EC4006CC0AA /* SignInOperation.m */,
				2CF547F81D63621A00039EB8 /* CreatePlaceOperation.h */,
				2CF547F91D63621A00039EB8 /* CreatePlaceOperation.m */,
				2C5CA2C51D64B32D0062E69B /* JobQuoteOperation.h */,
				2C5CA2C61D64B32D0062E69B /* JobQuoteOperation.m */,
				8159F9F91D6783CA00A61F68 /* CreateJobOperation.h */,
				8159F9FA1D6783CA00A61F68 /* CreateJobOperation.m */,
			);
			path = Operations;
			sourceTree = "<group>";
		};
		2CF547EE1D61FE7700039EB8 /* Model */ = {
			isa = PBXGroup;
			children = (
				2CF547EF1D61FE8A00039EB8 /* StuartUser.h */,
				2CF547F01D61FE8A00039EB8 /* StuartUser.m */,
				2CF547FC1D63623500039EB8 /* StuartPlace.h */,
				2CF547FD1D63623500039EB8 /* StuartPlace.m */,
				2C5CA2B11D6463EA0062E69B /* StuartAddress.h */,
				2C5CA2B21D6463EA0062E69B /* StuartAddress.m */,
				2C5CA2B51D6465BB0062E69B /* StuartCity.h */,
				2C5CA2B61D6465BB0062E69B /* StuartCity.m */,
				2C5CA2B91D6466790062E69B /* StuartRegion.h */,
				2C5CA2BA1D6466790062E69B /* StuartRegion.m */,
				2C5CA2BD1D6466B50062E69B /* StuartCountry.h */,
				2C5CA2BE1D6466B50062E69B /* StuartCountry.m */,
				2C5CA2C11D64671F0062E69B /* StuartCurrency.h */,
				2C5CA2C21D64671F0062E69B /* StuartCurrency.m */,
				2C5CA2C91D64B3920062E69B /* StuartJob.h */,
				2C5CA2CA1D64B3920062E69B /* StuartJob.m */,
				8159F9FD1D67840600A61F68 /* StuartJobStatus.h */,
				8159F9FE1D67840600A61F68 /* StuartJobStatus.m */,
			);
			path = Model;
			sourceTree = "<group>";
		};
		2CF547F31D624AAC00039EB8 /* Mappers */ = {
			isa = PBXGroup;
			children = (
				2CF547F41D624B0000039EB8 /* UserMapper.h */,
				2CF547F51D624B0000039EB8 /* UserMapper.m */,
				2CF548001D63627E00039EB8 /* PlaceMapper.h */,
				2CF548011D63627E00039EB8 /* PlaceMapper.m */,
				2C5CA2D11D64C2950062E69B /* JobsMapper.h */,
				2C5CA2D21D64C2950062E69B /* JobsMapper.m */,
				8159FA051D6787A000A61F68 /* JobStatusMapper.h */,
				8159FA061D6787A000A61F68 /* JobStatusMapper.m */,
			);
			path = Mappers;
			sourceTree = "<group>";
		};
		2CF548081D636EE400039EB8 /* Helpers */ = {
			isa = PBXGroup;
			children = (
				2CF548091D636F2700039EB8 /* NSObject+NilIfNull.h */,
				2CF5480A1D636F2700039EB8 /* NSObject+NilIfNull.m */,
				2CF5480D1D63824500039EB8 /* NSError+Stuart.h */,
				2CF5480E1D63824500039EB8 /* NSError+Stuart.m */,
			);
			path = Helpers;
			sourceTree = "<group>";
		};
/* End PBXGroup section */

/* Begin PBXHeadersBuildPhase section */
		2CA9F81B1D5D0818001FCF07 /* Headers */ = {
			isa = PBXHeadersBuildPhase;
			buildActionMask = 2147483647;
			files = (
				2CF547F11D61FE8A00039EB8 /* StuartUser.h in Headers */,
				2C5CA2D31D64C2950062E69B /* JobsMapper.h in Headers */,
				2CF548061D6363AA00039EB8 /* CreatePlaceRequest.h in Headers */,
				2C5CA2BF1D6466B50062E69B /* StuartCountry.h in Headers */,
				2CA9F83B1D5DE721001FCF07 /* StuartConfiguration.h in Headers */,
				8159FA071D6787A000A61F68 /* JobStatusMapper.h in Headers */,
				2CF547FA1D63621A00039EB8 /* CreatePlaceOperation.h in Headers */,
				2CA9F84D1D5DF4FD001FCF07 /* StuartOperation.h in Headers */,
				2CA9F8481D5DEA34001FCF07 /* SignInRequest.h in Headers */,
				2CA9F8401D5DE8A3001FCF07 /* StuartRequest.h in Headers */,
				2C6403B01D5E1EC4006CC0AA /* SignInOperation.h in Headers */,
				8159F9FB1D6783CA00A61F68 /* CreateJobOperation.h in Headers */,
				2CF548021D63627E00039EB8 /* PlaceMapper.h in Headers */,
				2CF5480F1D63824500039EB8 /* NSError+Stuart.h in Headers */,
				8159F9FF1D67840600A61F68 /* StuartJobStatus.h in Headers */,
				2CA9F82D1D5DD89E001FCF07 /* StuartClient.h in Headers */,
				2CF5480B1D636F2700039EB8 /* NSObject+NilIfNull.h in Headers */,
				2CF547FE1D63623500039EB8 /* StuartPlace.h in Headers */,
				2C5CA2C31D64671F0062E69B /* StuartCurrency.h in Headers */,
				2C5CA2CF1D64B4F50062E69B /* JobQuoteRequest.h in Headers */,
				2C5CA2CB1D64B3920062E69B /* StuartJob.h in Headers */,
				2CF547F61D624B0000039EB8 /* UserMapper.h in Headers */,
				2C5CA2B31D6463EA0062E69B /* StuartAddress.h in Headers */,
				8159FA031D67849A00A61F68 /* CreateJobRequest.h in Headers */,
				2CA9F8521D5DF79C001FCF07 /* StuartNetworkService.h in Headers */,
				2CA9F8221D5D0818001FCF07 /* StuartDeliverySDK.h in Headers */,
				2C5CA2B71D6465BB0062E69B /* StuartCity.h in Headers */,
				2C5CA2C71D64B32D0062E69B /* JobQuoteOperation.h in Headers */,
				2C6403AC1D5E1193006CC0AA /* StuartAuthorization.h in Headers */,
				2C5CA2BB1D6466790062E69B /* StuartRegion.h in Headers */,
			);
			runOnlyForDeploymentPostprocessing = 0;
		};
/* End PBXHeadersBuildPhase section */

/* Begin PBXNativeTarget section */
		2CA9F81D1D5D0818001FCF07 /* StuartDeliverySDK */ = {
			isa = PBXNativeTarget;
			buildConfigurationList = 2CA9F8261D5D0818001FCF07 /* Build configuration list for PBXNativeTarget "StuartDeliverySDK" */;
			buildPhases = (
				2CA9F8191D5D0818001FCF07 /* Sources */,
				2CA9F81A1D5D0818001FCF07 /* Frameworks */,
				2CA9F81B1D5D0818001FCF07 /* Headers */,
				2CA9F81C1D5D0818001FCF07 /* Resources */,
			);
			buildRules = (
			);
			dependencies = (
			);
			name = StuartDeliverySDK;
			productName = StuartDeliverySDK;
			productReference = 2CA9F81E1D5D0818001FCF07 /* StuartDeliverySDK.framework */;
			productType = "com.apple.product-type.framework";
		};
/* End PBXNativeTarget section */

/* Begin PBXProject section */
		2CA9F8151D5D0818001FCF07 /* Project object */ = {
			isa = PBXProject;
			attributes = {
				LastUpgradeCheck = 0730;
				ORGANIZATIONNAME = "Anna Strzeżek";
				TargetAttributes = {
					2CA9F81D1D5D0818001FCF07 = {
						CreatedOnToolsVersion = 7.3.1;
						DevelopmentTeam = D65CR69487;
					};
				};
			};
			buildConfigurationList = 2CA9F8181D5D0818001FCF07 /* Build configuration list for PBXProject "StuartDeliverySDK" */;
			compatibilityVersion = "Xcode 3.2";
			developmentRegion = English;
			hasScannedForEncodings = 0;
			knownRegions = (
				en,
			);
			mainGroup = 2CA9F8141D5D0818001FCF07;
			productRefGroup = 2CA9F81F1D5D0818001FCF07 /* Products */;
			projectDirPath = "";
			projectRoot = "";
			targets = (
				2CA9F81D1D5D0818001FCF07 /* StuartDeliverySDK */,
			);
		};
/* End PBXProject section */

/* Begin PBXResourcesBuildPhase section */
		2CA9F81C1D5D0818001FCF07 /* Resources */ = {
			isa = PBXResourcesBuildPhase;
			buildActionMask = 2147483647;
			files = (
			);
			runOnlyForDeploymentPostprocessing = 0;
		};
/* End PBXResourcesBuildPhase section */

/* Begin PBXSourcesBuildPhase section */
		2CA9F8191D5D0818001FCF07 /* Sources */ = {
			isa = PBXSourcesBuildPhase;
			buildActionMask = 2147483647;
			files = (
				2CA9F84E1D5DF4FD001FCF07 /* StuartOperation.m in Sources */,
				2C5CA2C41D64671F0062E69B /* StuartCurrency.m in Sources */,
				2CF548071D6363AA00039EB8 /* CreatePlaceRequest.m in Sources */,
				2CF547F21D61FE8A00039EB8 /* StuartUser.m in Sources */,
				2C5CA2B41D6463EA0062E69B /* StuartAddress.m in Sources */,
				2C5CA2D01D64B4F50062E69B /* JobQuoteRequest.m in Sources */,
				2CF5480C1D636F2700039EB8 /* NSObject+NilIfNull.m in Sources */,
				2C6403B11D5E1EC4006CC0AA /* SignInOperation.m in Sources */,
				2C5CA2B81D6465BB0062E69B /* StuartCity.m in Sources */,
				2CF547FB1D63621A00039EB8 /* CreatePlaceOperation.m in Sources */,
				2C5CA2C81D64B32D0062E69B /* JobQuoteOperation.m in Sources */,
				2CF548101D63824500039EB8 /* NSError+Stuart.m in Sources */,
				2CA9F82E1D5DD89E001FCF07 /* StuartClient.m in Sources */,
				2C5CA2BC1D6466790062E69B /* StuartRegion.m in Sources */,
				2C5CA2D41D64C2950062E69B /* JobsMapper.m in Sources */,
				2C6403AD1D5E1193006CC0AA /* StuartAuthorization.m in Sources */,
				8159FA041D67849A00A61F68 /* CreateJobRequest.m in Sources */,
				2C5CA2CC1D64B3920062E69B /* StuartJob.m in Sources */,
				2CF547F71D624B0000039EB8 /* UserMapper.m in Sources */,
				2CA9F8491D5DEA34001FCF07 /* SignInRequest.m in Sources */,
				2CA9F83C1D5DE721001FCF07 /* StuartConfiguration.m in Sources */,
				2CA9F8531D5DF79C001FCF07 /* StuartNetworkService.m in Sources */,
				2CF548031D63627E00039EB8 /* PlaceMapper.m in Sources */,
				8159FA001D67840600A61F68 /* StuartJobStatus.m in Sources */,
				8159FA081D6787A000A61F68 /* JobStatusMapper.m in Sources */,
				2C5CA2C01D6466B50062E69B /* StuartCountry.m in Sources */,
				2CF547FF1D63623500039EB8 /* StuartPlace.m in Sources */,
				8159F9FC1D6783CA00A61F68 /* CreateJobOperation.m in Sources */,
			);
			runOnlyForDeploymentPostprocessing = 0;
		};
/* End PBXSourcesBuildPhase section */

/* Begin XCBuildConfiguration section */
		2CA9F8241D5D0818001FCF07 /* Debug */ = {
			isa = XCBuildConfiguration;
			buildSettings = {
				ALWAYS_SEARCH_USER_PATHS = NO;
				CLANG_ANALYZER_NONNULL = YES;
				CLANG_CXX_LANGUAGE_STANDARD = "gnu++0x";
				CLANG_CXX_LIBRARY = "libc++";
				CLANG_ENABLE_MODULES = YES;
				CLANG_ENABLE_OBJC_ARC = YES;
				CLANG_WARN_BOOL_CONVERSION = YES;
				CLANG_WARN_CONSTANT_CONVERSION = YES;
				CLANG_WARN_DIRECT_OBJC_ISA_USAGE = YES_ERROR;
				CLANG_WARN_EMPTY_BODY = YES;
				CLANG_WARN_ENUM_CONVERSION = YES;
				CLANG_WARN_INT_CONVERSION = YES;
				CLANG_WARN_OBJC_ROOT_CLASS = YES_ERROR;
				CLANG_WARN_UNREACHABLE_CODE = YES;
				CLANG_WARN__DUPLICATE_METHOD_MATCH = YES;
				"CODE_SIGN_IDENTITY[sdk=iphoneos*]" = "iPhone Developer";
				COPY_PHASE_STRIP = NO;
				CURRENT_PROJECT_VERSION = 1;
				DEBUG_INFORMATION_FORMAT = dwarf;
				ENABLE_STRICT_OBJC_MSGSEND = YES;
				ENABLE_TESTABILITY = YES;
				GCC_C_LANGUAGE_STANDARD = gnu99;
				GCC_DYNAMIC_NO_PIC = NO;
				GCC_NO_COMMON_BLOCKS = YES;
				GCC_OPTIMIZATION_LEVEL = 0;
				GCC_PREPROCESSOR_DEFINITIONS = (
					"DEBUG=1",
					"$(inherited)",
				);
				GCC_WARN_64_TO_32_BIT_CONVERSION = YES;
				GCC_WARN_ABOUT_RETURN_TYPE = YES_ERROR;
				GCC_WARN_UNDECLARED_SELECTOR = YES;
				GCC_WARN_UNINITIALIZED_AUTOS = YES_AGGRESSIVE;
				GCC_WARN_UNUSED_FUNCTION = YES;
				GCC_WARN_UNUSED_VARIABLE = YES;
				IPHONEOS_DEPLOYMENT_TARGET = 9.3;
				MTL_ENABLE_DEBUG_INFO = YES;
				ONLY_ACTIVE_ARCH = YES;
				SDKROOT = iphoneos;
				TARGETED_DEVICE_FAMILY = "1,2";
				VERSIONING_SYSTEM = "apple-generic";
				VERSION_INFO_PREFIX = "";
			};
			name = Debug;
		};
		2CA9F8251D5D0818001FCF07 /* Release */ = {
			isa = XCBuildConfiguration;
			buildSettings = {
				ALWAYS_SEARCH_USER_PATHS = NO;
				CLANG_ANALYZER_NONNULL = YES;
				CLANG_CXX_LANGUAGE_STANDARD = "gnu++0x";
				CLANG_CXX_LIBRARY = "libc++";
				CLANG_ENABLE_MODULES = YES;
				CLANG_ENABLE_OBJC_ARC = YES;
				CLANG_WARN_BOOL_CONVERSION = YES;
				CLANG_WARN_CONSTANT_CONVERSION = YES;
				CLANG_WARN_DIRECT_OBJC_ISA_USAGE = YES_ERROR;
				CLANG_WARN_EMPTY_BODY = YES;
				CLANG_WARN_ENUM_CONVERSION = YES;
				CLANG_WARN_INT_CONVERSION = YES;
				CLANG_WARN_OBJC_ROOT_CLASS = YES_ERROR;
				CLANG_WARN_UNREACHABLE_CODE = YES;
				CLANG_WARN__DUPLICATE_METHOD_MATCH = YES;
				"CODE_SIGN_IDENTITY[sdk=iphoneos*]" = "iPhone Developer";
				COPY_PHASE_STRIP = NO;
				CURRENT_PROJECT_VERSION = 1;
				DEBUG_INFORMATION_FORMAT = "dwarf-with-dsym";
				ENABLE_NS_ASSERTIONS = NO;
				ENABLE_STRICT_OBJC_MSGSEND = YES;
				GCC_C_LANGUAGE_STANDARD = gnu99;
				GCC_NO_COMMON_BLOCKS = YES;
				GCC_WARN_64_TO_32_BIT_CONVERSION = YES;
				GCC_WARN_ABOUT_RETURN_TYPE = YES_ERROR;
				GCC_WARN_UNDECLARED_SELECTOR = YES;
				GCC_WARN_UNINITIALIZED_AUTOS = YES_AGGRESSIVE;
				GCC_WARN_UNUSED_FUNCTION = YES;
				GCC_WARN_UNUSED_VARIABLE = YES;
				IPHONEOS_DEPLOYMENT_TARGET = 9.3;
				MTL_ENABLE_DEBUG_INFO = NO;
				SDKROOT = iphoneos;
				TARGETED_DEVICE_FAMILY = "1,2";
				VALIDATE_PRODUCT = YES;
				VERSIONING_SYSTEM = "apple-generic";
				VERSION_INFO_PREFIX = "";
			};
			name = Release;
		};
		2CA9F8271D5D0818001FCF07 /* Debug */ = {
			isa = XCBuildConfiguration;
			buildSettings = {
				CODE_SIGN_IDENTITY = "iPhone Developer";
				DEFINES_MODULE = YES;
				DYLIB_COMPATIBILITY_VERSION = 1;
				DYLIB_CURRENT_VERSION = 1;
				DYLIB_INSTALL_NAME_BASE = "@rpath";
				INFOPLIST_FILE = StuartDeliverySDK/Info.plist;
				INSTALL_PATH = "$(LOCAL_LIBRARY_DIR)/Frameworks";
				LD_RUNPATH_SEARCH_PATHS = "$(inherited) @executable_path/Frameworks @loader_path/Frameworks";
				PRODUCT_BUNDLE_IDENTIFIER = pl.strzezek.StuartDeliverySDK;
				PRODUCT_NAME = "$(TARGET_NAME)";
				SKIP_INSTALL = YES;
			};
			name = Debug;
		};
		2CA9F8281D5D0818001FCF07 /* Release */ = {
			isa = XCBuildConfiguration;
			buildSettings = {
				CODE_SIGN_IDENTITY = "iPhone Developer";
				DEFINES_MODULE = YES;
				DYLIB_COMPATIBILITY_VERSION = 1;
				DYLIB_CURRENT_VERSION = 1;
				DYLIB_INSTALL_NAME_BASE = "@rpath";
				INFOPLIST_FILE = StuartDeliverySDK/Info.plist;
				INSTALL_PATH = "$(LOCAL_LIBRARY_DIR)/Frameworks";
				LD_RUNPATH_SEARCH_PATHS = "$(inherited) @executable_path/Frameworks @loader_path/Frameworks";
				PRODUCT_BUNDLE_IDENTIFIER = pl.strzezek.StuartDeliverySDK;
				PRODUCT_NAME = "$(TARGET_NAME)";
				SKIP_INSTALL = YES;
			};
			name = Release;
		};
/* End XCBuildConfiguration section */

/* Begin XCConfigurationList section */
		2CA9F8181D5D0818001FCF07 /* Build configuration list for PBXProject "StuartDeliverySDK" */ = {
			isa = XCConfigurationList;
			buildConfigurations = (
				2CA9F8241D5D0818001FCF07 /* Debug */,
				2CA9F8251D5D0818001FCF07 /* Release */,
			);
			defaultConfigurationIsVisible = 0;
			defaultConfigurationName = Release;
		};
		2CA9F8261D5D0818001FCF07 /* Build configuration list for PBXNativeTarget "StuartDeliverySDK" */ = {
			isa = XCConfigurationList;
			buildConfigurations = (
				2CA9F8271D5D0818001FCF07 /* Debug */,
				2CA9F8281D5D0818001FCF07 /* Release */,
			);
			defaultConfigurationIsVisible = 0;
			defaultConfigurationName = Release;
		};
/* End XCConfigurationList section */
	};
	rootObject = 2CA9F8151D5D0818001FCF07 /* Project object */;
}
